
Microsoft Visual Studio Solution File, Format Version 12.00
# Visual Studio Version 17
VisualStudioVersion = 17.7.34031.279
MinimumVisualStudioVersion = 10.0.40219.1
Project("{8BC9CEB8-8B4A-11D0-8D11-00A0C91BC942}") = "MiniPpt", "MiniPpt\MiniPpt.vcxproj", "{99E40795-ED97-4141-98DC-8BDB99DACEEA}"
EndProject
Global
	GlobalSection(SolutionConfigurationPlatforms) = preSolution
		Debug|x64 = Debug|x64
		Debug|x86 = Debug|x86
		Release|x64 = Release|x64
		Release|x86 = Release|x86
	EndGlobalSection
	GlobalSection(ProjectConfigurationPlatforms) = postSolution
		{99E40795-ED97-4141-98DC-8BDB99DACEEA}.Debug|x64.ActiveCfg = Debug|x64
		{99E40795-ED97-4141-98DC-8BDB99DACEEA}.Debug|x64.Build.0 = Debug|x64
		{99E40795-ED97-4141-98DC-8BDB99DACEEA}.Debug|x86.ActiveCfg = Debug|Win32
		{99E40795-ED97-4141-98DC-8BDB99DACEEA}.Debug|x86.Build.0 = Debug|Win32
		{99E40795-ED97-4141-98DC-8BDB99DACEEA}.Release|x64.ActiveCfg = Release|x64
		{99E40795-ED97-4141-98DC-8BDB99DACEEA}.Release|x64.Build.0 = Release|x64
		{99E40795-ED97-4141-98DC-8BDB99DACEEA}.Release|x86.ActiveCfg = Release|Win32
		{99E40795-ED97-4141-98DC-8BDB99DACEEA}.Release|x86.Build.0 = Release|Win32
	EndGlobalSection
	GlobalSection(SolutionProperties) = preSolution
		HideSolutionNode = FALSE
	EndGlobalSection
	GlobalSection(ExtensibilityGlobals) = postSolution
		SolutionGuid = {FD6986A4-8979-4280-ABBC-C18A860EEBEC}
	EndGlobalSection
EndGlobal
